
Microsoft Visual Studio Solution File, Format Version 12.00
# Visual Studio Version 17
VisualStudioVersion = 17.14.36717.8 d17.14
MinimumVisualStudioVersion = 10.0.40219.1
Project("{8BC9CEB8-8B4A-11D0-8D11-00A0C91BC942}") = "Tema0-2", "Tema0-2.vcxproj", "{82AEE144-8F55-4D37-AB32-3D9FB7D72F3A}"
EndProject
Project("{2150E333-8FDC-42A3-9474-1A3956D46DE8}") = "Elementos de la solución", "Elementos de la solución", "{D107F4C8-89CC-BEA8-D3D7-CA6B7733353D}"
	ProjectSection(SolutionItems) = preProject
		datos1.txt = datos1.txt
	EndProjectSection
EndProject
Global
	GlobalSection(SolutionConfigurationPlatforms) = preSolution
		Debug|x64 = Debug|x64
		Debug|x86 = Debug|x86
		Release|x64 = Release|x64
		Release|x86 = Release|x86
	EndGlobalSection
	GlobalSection(ProjectConfigurationPlatforms) = postSolution
		{82AEE144-8F55-4D37-AB32-3D9FB7D72F3A}.Debug|x64.ActiveCfg = Debug|x64
		{82AEE144-8F55-4D37-AB32-3D9FB7D72F3A}.Debug|x64.Build.0 = Debug|x64
		{82AEE144-8F55-4D37-AB32-3D9FB7D72F3A}.Debug|x86.ActiveCfg = Debug|Win32
		{82AEE144-8F55-4D37-AB32-3D9FB7D72F3A}.Debug|x86.Build.0 = Debug|Win32
		{82AEE144-8F55-4D37-AB32-3D9FB7D72F3A}.Release|x64.ActiveCfg = Release|x64
		{82AEE144-8F55-4D37-AB32-3D9FB7D72F3A}.Release|x64.Build.0 = Release|x64
		{82AEE144-8F55-4D37-AB32-3D9FB7D72F3A}.Release|x86.ActiveCfg = Release|Win32
		{82AEE144-8F55-4D37-AB32-3D9FB7D72F3A}.Release|x86.Build.0 = Release|Win32
	EndGlobalSection
	GlobalSection(SolutionProperties) = preSolution
		HideSolutionNode = FALSE
	EndGlobalSection
	GlobalSection(ExtensibilityGlobals) = postSolution
		SolutionGuid = {C190C575-40BD-4B5B-BD61-03F4D8E9B739}
	EndGlobalSection
EndGlobal
